
Microsoft Visual Studio Solution File, Format Version 12.00
# Visual Studio 2012
Project("{FAE04EC0-301F-11D3-BF4B-00C04F79EFBC}") = "Question5", "Question5\Question5.csproj", "{7840FD03-B6EC-41F9-AFB3-1F1969B07F5A}"
EndProject
Global
	GlobalSection(SolutionConfigurationPlatforms) = preSolution
		Debug|x86 = Debug|x86
		Release|x86 = Release|x86
	EndGlobalSection
	GlobalSection(ProjectConfigurationPlatforms) = postSolution
		{7840FD03-B6EC-41F9-AFB3-1F1969B07F5A}.Debug|x86.ActiveCfg = Debug|x86
		{7840FD03-B6EC-41F9-AFB3-1F1969B07F5A}.Debug|x86.Build.0 = Debug|x86
		{7840FD03-B6EC-41F9-AFB3-1F1969B07F5A}.Release|x86.ActiveCfg = Release|x86
		{7840FD03-B6EC-41F9-AFB3-1F1969B07F5A}.Release|x86.Build.0 = Release|x86
	EndGlobalSection
EndGlobal
